
Microsoft Visual Studio Solution File, Format Version 12.00
# Visual Studio Version 17
VisualStudioVersion = 17.14.36429.23
MinimumVisualStudioVersion = 10.0.40219.1
Project("{FAE04EC0-301F-11D3-BF4B-00C04F79EFBC}") = "MomentRank", "MomentRank\MomentRank.csproj", "{76E947DA-952A-4660-91C9-337B905C0B77}"
EndProject
Project("{FAE04EC0-301F-11D3-BF4B-00C04F79EFBC}") = "MomentRank.UnitTests", "MomentRank.UnitTests\MomentRank.UnitTests.csproj", "{6C44067B-5C59-404B-9B6F-9EFC9C3AB96F}"
EndProject
Project("{FAE04EC0-301F-11D3-BF4B-00C04F79EFBC}") = "MomentRank.IntegrationTests", "MomentRank.IntegrationTests\MomentRank.IntegrationTests.csproj", "{165B2700-8D12-4BCC-9C42-08E3A37AD201}"
EndProject
Global
	GlobalSection(SolutionConfigurationPlatforms) = preSolution
		Debug|Any CPU = Debug|Any CPU
		Debug|x64 = Debug|x64
		Debug|x86 = Debug|x86
		Release|Any CPU = Release|Any CPU
		Release|x64 = Release|x64
		Release|x86 = Release|x86
	EndGlobalSection
	GlobalSection(ProjectConfigurationPlatforms) = postSolution
		{76E947DA-952A-4660-91C9-337B905C0B77}.Debug|Any CPU.ActiveCfg = Debug|Any CPU
		{76E947DA-952A-4660-91C9-337B905C0B77}.Debug|Any CPU.Build.0 = Debug|Any CPU
		{76E947DA-952A-4660-91C9-337B905C0B77}.Debug|x64.ActiveCfg = Debug|Any CPU
		{76E947DA-952A-4660-91C9-337B905C0B77}.Debug|x64.Build.0 = Debug|Any CPU
		{76E947DA-952A-4660-91C9-337B905C0B77}.Debug|x86.ActiveCfg = Debug|Any CPU
		{76E947DA-952A-4660-91C9-337B905C0B77}.Debug|x86.Build.0 = Debug|Any CPU
		{76E947DA-952A-4660-91C9-337B905C0B77}.Release|Any CPU.ActiveCfg = Release|Any CPU
		{76E947DA-952A-4660-91C9-337B905C0B77}.Release|Any CPU.Build.0 = Release|Any CPU
		{76E947DA-952A-4660-91C9-337B905C0B77}.Release|x64.ActiveCfg = Release|Any CPU
		{76E947DA-952A-4660-91C9-337B905C0B77}.Release|x64.Build.0 = Release|Any CPU
		{76E947DA-952A-4660-91C9-337B905C0B77}.Release|x86.ActiveCfg = Release|Any CPU
		{76E947DA-952A-4660-91C9-337B905C0B77}.Release|x86.Build.0 = Release|Any CPU
		{6C44067B-5C59-404B-9B6F-9EFC9C3AB96F}.Debug|Any CPU.ActiveCfg = Debug|Any CPU
		{6C44067B-5C59-404B-9B6F-9EFC9C3AB96F}.Debug|Any CPU.Build.0 = Debug|Any CPU
		{6C44067B-5C59-404B-9B6F-9EFC9C3AB96F}.Debug|x64.ActiveCfg = Debug|Any CPU
		{6C44067B-5C59-404B-9B6F-9EFC9C3AB96F}.Debug|x64.Build.0 = Debug|Any CPU
		{6C44067B-5C59-404B-9B6F-9EFC9C3AB96F}.Debug|x86.ActiveCfg = Debug|Any CPU
		{6C44067B-5C59-404B-9B6F-9EFC9C3AB96F}.Debug|x86.Build.0 = Debug|Any CPU
		{6C44067B-5C59-404B-9B6F-9EFC9C3AB96F}.Release|Any CPU.ActiveCfg = Release|Any CPU
		{6C44067B-5C59-404B-9B6F-9EFC9C3AB96F}.Release|Any CPU.Build.0 = Release|Any CPU
		{6C44067B-5C59-404B-9B6F-9EFC9C3AB96F}.Release|x64.ActiveCfg = Release|Any CPU
		{6C44067B-5C59-404B-9B6F-9EFC9C3AB96F}.Release|x64.Build.0 = Release|Any CPU
		{6C44067B-5C59-404B-9B6F-9EFC9C3AB96F}.Release|x86.ActiveCfg = Release|Any CPU
		{6C44067B-5C59-404B-9B6F-9EFC9C3AB96F}.Release|x86.Build.0 = Release|Any CPU
		{165B2700-8D12-4BCC-9C42-08E3A37AD201}.Debug|Any CPU.ActiveCfg = Debug|Any CPU
		{165B2700-8D12-4BCC-9C42-08E3A37AD201}.Debug|Any CPU.Build.0 = Debug|Any CPU
		{165B2700-8D12-4BCC-9C42-08E3A37AD201}.Debug|x64.ActiveCfg = Debug|Any CPU
		{165B2700-8D12-4BCC-9C42-08E3A37AD201}.Debug|x64.Build.0 = Debug|Any CPU
		{165B2700-8D12-4BCC-9C42-08E3A37AD201}.Debug|x86.ActiveCfg = Debug|Any CPU
		{165B2700-8D12-4BCC-9C42-08E3A37AD201}.Debug|x86.Build.0 = Debug|Any CPU
		{165B2700-8D12-4BCC-9C42-08E3A37AD201}.Release|Any CPU.ActiveCfg = Release|Any CPU
		{165B2700-8D12-4BCC-9C42-08E3A37AD201}.Release|Any CPU.Build.0 = Release|Any CPU
		{165B2700-8D12-4BCC-9C42-08E3A37AD201}.Release|x64.ActiveCfg = Release|Any CPU
		{165B2700-8D12-4BCC-9C42-08E3A37AD201}.Release|x64.Build.0 = Release|Any CPU
		{165B2700-8D12-4BCC-9C42-08E3A37AD201}.Release|x86.ActiveCfg = Release|Any CPU
		{165B2700-8D12-4BCC-9C42-08E3A37AD201}.Release|x86.Build.0 = Release|Any CPU
	EndGlobalSection
	GlobalSection(SolutionProperties) = preSolution
		HideSolutionNode = FALSE
	EndGlobalSection
	GlobalSection(ExtensibilityGlobals) = postSolution
		SolutionGuid = {B5F51FEA-0DAC-4850-8FA0-6EDAE87C9200}
	EndGlobalSection
EndGlobal
