
Microsoft Visual Studio Solution File, Format Version 12.00
# Visual Studio Version 17
VisualStudioVersion = 17.14.36429.23 d17.14
MinimumVisualStudioVersion = 10.0.40219.1
Project("{FAE04EC0-301F-11D3-BF4B-00C04F79EFBC}") = "MomentRank", "MomentRank\MomentRank.csproj", "{76E947DA-952A-4660-91C9-337B905C0B77}"
EndProject
Global
	GlobalSection(SolutionConfigurationPlatforms) = preSolution
		Debug|Any CPU = Debug|Any CPU
		Release|Any CPU = Release|Any CPU
	EndGlobalSection
	GlobalSection(ProjectConfigurationPlatforms) = postSolution
		{76E947DA-952A-4660-91C9-337B905C0B77}.Debug|Any CPU.ActiveCfg = Debug|Any CPU
		{76E947DA-952A-4660-91C9-337B905C0B77}.Debug|Any CPU.Build.0 = Debug|Any CPU
		{76E947DA-952A-4660-91C9-337B905C0B77}.Release|Any CPU.ActiveCfg = Release|Any CPU
		{76E947DA-952A-4660-91C9-337B905C0B77}.Release|Any CPU.Build.0 = Release|Any CPU
	EndGlobalSection
	GlobalSection(SolutionProperties) = preSolution
		HideSolutionNode = FALSE
	EndGlobalSection
	GlobalSection(ExtensibilityGlobals) = postSolution
		SolutionGuid = {B5F51FEA-0DAC-4850-8FA0-6EDAE87C9200}
	EndGlobalSection
EndGlobal
